Microsoft Visual Studio Solution File, Format Version 10.00
# Visual Studio 2008
Project("{8BC9CEB8-8B4A-11D0-8D11-00A0C91BC942}") = "ConnectMoreThan32Channels", "ConnectMoreThan32Channels.vcproj", "{AA813140-61E7-4209-B7ED-FA90542075A9}"
EndProject
Global
	GlobalSection(SolutionConfigurationPlatforms) = preSolution
		Debug|Win32 = Debug|Win32
		Release|Win32 = Release|Win32
	EndGlobalSection
	GlobalSection(ProjectConfigurationPlatforms) = postSolution
		{AA813140-61E7-4209-B7ED-FA90542075A9}.Debug|Win32.ActiveCfg = Debug|Win32
		{AA813140-61E7-4209-B7ED-FA90542075A9}.Debug|Win32.Build.0 = Debug|Win32
		{AA813140-61E7-4209-B7ED-FA90542075A9}.Release|Win32.ActiveCfg = Release|Win32
		{AA813140-61E7-4209-B7ED-FA90542075A9}.Release|Win32.Build.0 = Release|Win32
	EndGlobalSection
	GlobalSection(SolutionProperties) = preSolution
		HideSolutionNode = FALSE
	EndGlobalSection
EndGlobal
