Microsoft Visual Studio Solution File, Format Version 9.00
# Visual Studio 2005
Project("{8BC9CEB8-8B4A-11D0-8D11-00A0C91BC942}") = "sdvr_sdk", "src\sdk\sdvr_sdk.vcproj", "{C6765DB7-D296-46D2-82DA-F18D1FAB484D}"
	ProjectSection(ProjectDependencies) = postProject
		{3FE943EF-CDC4-4AE8-B2A5-92EA098EDEDB} = {3FE943EF-CDC4-4AE8-B2A5-92EA098EDEDB}
	EndProjectSection
EndProject
Project("{8BC9CEB8-8B4A-11D0-8D11-00A0C91BC942}") = "SCT", "src\driver\windows\SCT\sct.vcproj", "{3FE943EF-CDC4-4AE8-B2A5-92EA098EDEDB}"
	ProjectSection(ProjectDependencies) = postProject
		{64141552-0E8E-43EB-9128-6F5DF2341732} = {64141552-0E8E-43EB-9128-6F5DF2341732}
	EndProjectSection
EndProject
Project("{8BC9CEB8-8B4A-11D0-8D11-00A0C91BC942}") = "stretch_s6dvr", "src\driver\windows\Driver\stretch_s6dvr.vcproj", "{64141552-0E8E-43EB-9128-6F5DF2341732}"
EndProject
Project("{8BC9CEB8-8B4A-11D0-8D11-00A0C91BC942}") = "sdvr_diag", "apps\sdvr_diag\sdvr_diag.vcproj", "{31CDEA9C-289A-493A-B8C1-0B8F392D2E81}"
	ProjectSection(ProjectDependencies) = postProject
		{E16D7C12-83EB-42FC-A2B3-65D83A99317A} = {E16D7C12-83EB-42FC-A2B3-65D83A99317A}
		{AEF5DB58-AC34-4485-AE7C-D713BF0CEFDD} = {AEF5DB58-AC34-4485-AE7C-D713BF0CEFDD}
	EndProjectSection
EndProject
Project("{8BC9CEB8-8B4A-11D0-8D11-00A0C91BC942}") = "sdvr_ui_sdk", "src\sdk\sdvr_ui_sdk\sdvr_ui_sdk.vcproj", "{5271FC0B-9876-4AA0-999A-41DA82D69BFB}"
EndProject
Project("{8BC9CEB8-8B4A-11D0-8D11-00A0C91BC942}") = "sdk_dll", "src\sdk\sdvr_sdk_dll\sdvr_sdk_dll.vcproj", "{AEF5DB58-AC34-4485-AE7C-D713BF0CEFDD}"
	ProjectSection(ProjectDependencies) = postProject
		{3FE943EF-CDC4-4AE8-B2A5-92EA098EDEDB} = {3FE943EF-CDC4-4AE8-B2A5-92EA098EDEDB}
		{C6765DB7-D296-46D2-82DA-F18D1FAB484D} = {C6765DB7-D296-46D2-82DA-F18D1FAB484D}
	EndProjectSection
EndProject
Project("{8BC9CEB8-8B4A-11D0-8D11-00A0C91BC942}") = "ui_sdk_dll", "src\sdk\sdvr_ui_sdk_dll\sdvr_ui_sdk_dll.vcproj", "{16D8CAF1-62CF-445E-A0C8-3DCCB33A780B}"
	ProjectSection(ProjectDependencies) = postProject
		{5271FC0B-9876-4AA0-999A-41DA82D69BFB} = {5271FC0B-9876-4AA0-999A-41DA82D69BFB}
		{AEF5DB58-AC34-4485-AE7C-D713BF0CEFDD} = {AEF5DB58-AC34-4485-AE7C-D713BF0CEFDD}
	EndProjectSection
EndProject
Project("{8BC9CEB8-8B4A-11D0-8D11-00A0C91BC942}") = "playerdll", "src\player\playerdll.vcproj", "{E16D7C12-83EB-42FC-A2B3-65D83A99317A}"
	ProjectSection(ProjectDependencies) = postProject
		{AEF5DB58-AC34-4485-AE7C-D713BF0CEFDD} = {AEF5DB58-AC34-4485-AE7C-D713BF0CEFDD}
	EndProjectSection
EndProject
Project("{8BC9CEB8-8B4A-11D0-8D11-00A0C91BC942}") = "TestPlayers", "apps\TestPlayers\TestPlayers.vcproj", "{C79D09BD-DF9B-4FC4-B899-5389BD1E6C4D}"
	ProjectSection(ProjectDependencies) = postProject
		{E16D7C12-83EB-42FC-A2B3-65D83A99317A} = {E16D7C12-83EB-42FC-A2B3-65D83A99317A}
	EndProjectSection
EndProject
Project("{8BC9CEB8-8B4A-11D0-8D11-00A0C91BC942}") = "stRtpIO", "src\svc\stRtpIO\stRtpIO.vcproj", "{1B1201B8-B528-41BD-8262-E9A4ACB55990}"
	ProjectSection(ProjectDependencies) = postProject
		{6A9FE69B-613D-4815-9109-A5DEA8CED66C} = {6A9FE69B-613D-4815-9109-A5DEA8CED66C}
	EndProjectSection
EndProject
Project("{8BC9CEB8-8B4A-11D0-8D11-00A0C91BC942}") = "live", "src\svc\stRtpIO\live\live.vcproj", "{6A9FE69B-613D-4815-9109-A5DEA8CED66C}"
EndProject
Project("{8BC9CEB8-8B4A-11D0-8D11-00A0C91BC942}") = "svcRouter", "apps\svcRouter\svcRouter.vcproj", "{3EDDAA7D-8D7A-4509-A804-84612BC49C59}"
	ProjectSection(ProjectDependencies) = postProject
		{6A9FE69B-613D-4815-9109-A5DEA8CED66C} = {6A9FE69B-613D-4815-9109-A5DEA8CED66C}
		{1B1201B8-B528-41BD-8262-E9A4ACB55990} = {1B1201B8-B528-41BD-8262-E9A4ACB55990}
	EndProjectSection
EndProject
Project("{8BC9CEB8-8B4A-11D0-8D11-00A0C91BC942}") = "stplayer", "apps\StreamPlayer\stplayer.vcproj", "{C2B8035F-39C9-4DD8-AE5E-E3923CA82AC2}"
	ProjectSection(ProjectDependencies) = postProject
		{6A9FE69B-613D-4815-9109-A5DEA8CED66C} = {6A9FE69B-613D-4815-9109-A5DEA8CED66C}
		{1B1201B8-B528-41BD-8262-E9A4ACB55990} = {1B1201B8-B528-41BD-8262-E9A4ACB55990}
	EndProjectSection
EndProject
Project("{8BC9CEB8-8B4A-11D0-8D11-00A0C91BC942}") = "StreamPlayer", "apps\StreamPlayer\StreamPlayer\StreamPlayer.vcproj", "{15086DCA-CE91-4698-91C7-0A9E8273E6C5}"
	ProjectSection(ProjectDependencies) = postProject
		{6A9FE69B-613D-4815-9109-A5DEA8CED66C} = {6A9FE69B-613D-4815-9109-A5DEA8CED66C}
		{C2B8035F-39C9-4DD8-AE5E-E3923CA82AC2} = {C2B8035F-39C9-4DD8-AE5E-E3923CA82AC2}
		{1B1201B8-B528-41BD-8262-E9A4ACB55990} = {1B1201B8-B528-41BD-8262-E9A4ACB55990}
	EndProjectSection
EndProject
Global
	GlobalSection(SolutionConfigurationPlatforms) = preSolution
		Debug|Win32 = Debug|Win32
		Release|Win32 = Release|Win32
	EndGlobalSection
	GlobalSection(ProjectConfigurationPlatforms) = postSolution
		{C6765DB7-D296-46D2-82DA-F18D1FAB484D}.Debug|Win32.ActiveCfg = Debug|Win32
		{C6765DB7-D296-46D2-82DA-F18D1FAB484D}.Debug|Win32.Build.0 = Debug|Win32
		{C6765DB7-D296-46D2-82DA-F18D1FAB484D}.Release|Win32.ActiveCfg = Release|Win32
		{C6765DB7-D296-46D2-82DA-F18D1FAB484D}.Release|Win32.Build.0 = Release|Win32
		{3FE943EF-CDC4-4AE8-B2A5-92EA098EDEDB}.Debug|Win32.ActiveCfg = Debug|Win32
		{3FE943EF-CDC4-4AE8-B2A5-92EA098EDEDB}.Debug|Win32.Build.0 = Debug|Win32
		{3FE943EF-CDC4-4AE8-B2A5-92EA098EDEDB}.Release|Win32.ActiveCfg = Release|Win32
		{3FE943EF-CDC4-4AE8-B2A5-92EA098EDEDB}.Release|Win32.Build.0 = Release|Win32
		{64141552-0E8E-43EB-9128-6F5DF2341732}.Debug|Win32.ActiveCfg = Debug|Win32
		{64141552-0E8E-43EB-9128-6F5DF2341732}.Debug|Win32.Build.0 = Debug|Win32
		{64141552-0E8E-43EB-9128-6F5DF2341732}.Release|Win32.ActiveCfg = Release|Win32
		{64141552-0E8E-43EB-9128-6F5DF2341732}.Release|Win32.Build.0 = Release|Win32
		{31CDEA9C-289A-493A-B8C1-0B8F392D2E81}.Debug|Win32.ActiveCfg = Debug|Win32
		{31CDEA9C-289A-493A-B8C1-0B8F392D2E81}.Debug|Win32.Build.0 = Debug|Win32
		{31CDEA9C-289A-493A-B8C1-0B8F392D2E81}.Release|Win32.ActiveCfg = Release|Win32
		{31CDEA9C-289A-493A-B8C1-0B8F392D2E81}.Release|Win32.Build.0 = Release|Win32
		{5271FC0B-9876-4AA0-999A-41DA82D69BFB}.Debug|Win32.ActiveCfg = Debug|Win32
		{5271FC0B-9876-4AA0-999A-41DA82D69BFB}.Debug|Win32.Build.0 = Debug|Win32
		{5271FC0B-9876-4AA0-999A-41DA82D69BFB}.Release|Win32.ActiveCfg = Release|Win32
		{5271FC0B-9876-4AA0-999A-41DA82D69BFB}.Release|Win32.Build.0 = Release|Win32
		{AEF5DB58-AC34-4485-AE7C-D713BF0CEFDD}.Debug|Win32.ActiveCfg = Debug|Win32
		{AEF5DB58-AC34-4485-AE7C-D713BF0CEFDD}.Debug|Win32.Build.0 = Debug|Win32
		{AEF5DB58-AC34-4485-AE7C-D713BF0CEFDD}.Release|Win32.ActiveCfg = Release|Win32
		{AEF5DB58-AC34-4485-AE7C-D713BF0CEFDD}.Release|Win32.Build.0 = Release|Win32
		{16D8CAF1-62CF-445E-A0C8-3DCCB33A780B}.Debug|Win32.ActiveCfg = Debug|Win32
		{16D8CAF1-62CF-445E-A0C8-3DCCB33A780B}.Debug|Win32.Build.0 = Debug|Win32
		{16D8CAF1-62CF-445E-A0C8-3DCCB33A780B}.Release|Win32.ActiveCfg = Release|Win32
		{16D8CAF1-62CF-445E-A0C8-3DCCB33A780B}.Release|Win32.Build.0 = Release|Win32
		{E16D7C12-83EB-42FC-A2B3-65D83A99317A}.Debug|Win32.ActiveCfg = Debug|Win32
		{E16D7C12-83EB-42FC-A2B3-65D83A99317A}.Debug|Win32.Build.0 = Debug|Win32
		{E16D7C12-83EB-42FC-A2B3-65D83A99317A}.Release|Win32.ActiveCfg = Release|Win32
		{E16D7C12-83EB-42FC-A2B3-65D83A99317A}.Release|Win32.Build.0 = Release|Win32
		{C79D09BD-DF9B-4FC4-B899-5389BD1E6C4D}.Debug|Win32.ActiveCfg = Debug|Win32
		{C79D09BD-DF9B-4FC4-B899-5389BD1E6C4D}.Debug|Win32.Build.0 = Debug|Win32
		{C79D09BD-DF9B-4FC4-B899-5389BD1E6C4D}.Release|Win32.ActiveCfg = Release|Win32
		{C79D09BD-DF9B-4FC4-B899-5389BD1E6C4D}.Release|Win32.Build.0 = Release|Win32
		{1B1201B8-B528-41BD-8262-E9A4ACB55990}.Debug|Win32.ActiveCfg = Debug|Win32
		{1B1201B8-B528-41BD-8262-E9A4ACB55990}.Debug|Win32.Build.0 = Debug|Win32
		{1B1201B8-B528-41BD-8262-E9A4ACB55990}.Release|Win32.ActiveCfg = Release|Win32
		{1B1201B8-B528-41BD-8262-E9A4ACB55990}.Release|Win32.Build.0 = Release|Win32
		{6A9FE69B-613D-4815-9109-A5DEA8CED66C}.Debug|Win32.ActiveCfg = Debug|Win32
		{6A9FE69B-613D-4815-9109-A5DEA8CED66C}.Debug|Win32.Build.0 = Debug|Win32
		{6A9FE69B-613D-4815-9109-A5DEA8CED66C}.Release|Win32.ActiveCfg = Release|Win32
		{6A9FE69B-613D-4815-9109-A5DEA8CED66C}.Release|Win32.Build.0 = Release|Win32
		{3EDDAA7D-8D7A-4509-A804-84612BC49C59}.Debug|Win32.ActiveCfg = Debug|Win32
		{3EDDAA7D-8D7A-4509-A804-84612BC49C59}.Debug|Win32.Build.0 = Debug|Win32
		{3EDDAA7D-8D7A-4509-A804-84612BC49C59}.Release|Win32.ActiveCfg = Release|Win32
		{3EDDAA7D-8D7A-4509-A804-84612BC49C59}.Release|Win32.Build.0 = Release|Win32
		{C2B8035F-39C9-4DD8-AE5E-E3923CA82AC2}.Debug|Win32.ActiveCfg = Debug|Win32
		{C2B8035F-39C9-4DD8-AE5E-E3923CA82AC2}.Debug|Win32.Build.0 = Debug|Win32
		{C2B8035F-39C9-4DD8-AE5E-E3923CA82AC2}.Release|Win32.ActiveCfg = Release|Win32
		{C2B8035F-39C9-4DD8-AE5E-E3923CA82AC2}.Release|Win32.Build.0 = Release|Win32
		{15086DCA-CE91-4698-91C7-0A9E8273E6C5}.Debug|Win32.ActiveCfg = Debug|Win32
		{15086DCA-CE91-4698-91C7-0A9E8273E6C5}.Debug|Win32.Build.0 = Debug|Win32
		{15086DCA-CE91-4698-91C7-0A9E8273E6C5}.Release|Win32.ActiveCfg = Release|Win32
		{15086DCA-CE91-4698-91C7-0A9E8273E6C5}.Release|Win32.Build.0 = Release|Win32
	EndGlobalSection
	GlobalSection(SolutionProperties) = preSolution
		HideSolutionNode = FALSE
	EndGlobalSection
EndGlobal
