Microsoft Visual Studio Solution File, Format Version 9.00
# Visual Studio 2005
Project("{8BC9CEB8-8B4A-11D0-8D11-00A0C91BC942}") = "ControlSample", "ControlSample.vcproj", "{E8F44C5F-FDBB-44D7-B326-1A2B4ED8C132}"
EndProject
Global
	GlobalSection(SolutionConfigurationPlatforms) = preSolution
		Debug|Win32 = Debug|Win32
		Release|Win32 = Release|Win32
	EndGlobalSection
	GlobalSection(ProjectConfigurationPlatforms) = postSolution
		{E8F44C5F-FDBB-44D7-B326-1A2B4ED8C132}.Debug|Win32.ActiveCfg = Debug|Win32
		{E8F44C5F-FDBB-44D7-B326-1A2B4ED8C132}.Debug|Win32.Build.0 = Debug|Win32
		{E8F44C5F-FDBB-44D7-B326-1A2B4ED8C132}.Release|Win32.ActiveCfg = Release|Win32
		{E8F44C5F-FDBB-44D7-B326-1A2B4ED8C132}.Release|Win32.Build.0 = Release|Win32
	EndGlobalSection
	GlobalSection(SolutionProperties) = preSolution
		HideSolutionNode = FALSE
	EndGlobalSection
	GlobalSection(DPCodeReviewSolutionGUID) = preSolution
		DPCodeReviewSolutionGUID = {00000000-0000-0000-0000-000000000000}
	EndGlobalSection
EndGlobal
